
Microsoft Visual Studio Solution File, Format Version 12.00
# Visual Studio Version 16
VisualStudioVersion = 16.0.31402.337
MinimumVisualStudioVersion = 10.0.40219.1
Project("{FAE04EC0-301F-11D3-BF4B-00C04F79EFBC}") = "FindCar.API", "FindCar.API\FindCar.API.csproj", "{B59A0F09-FA8F-41F3-8258-233866FCF8E6}"
EndProject
Project("{FAE04EC0-301F-11D3-BF4B-00C04F79EFBC}") = "FindCar.Data", "FindCar.Data\FindCar.Data.csproj", "{7672ADDD-1F56-4076-943B-03D7A4B88E3C}"
EndProject
Project("{FAE04EC0-301F-11D3-BF4B-00C04F79EFBC}") = "FindCar.Core", "FindCar.Core\FindCar.Core.csproj", "{1BD8C88D-451F-4FF4-B468-272857E28C12}"
EndProject
Global
	GlobalSection(SolutionConfigurationPlatforms) = preSolution
		Debug|Any CPU = Debug|Any CPU
		Release|Any CPU = Release|Any CPU
	EndGlobalSection
	GlobalSection(ProjectConfigurationPlatforms) = postSolution
		{B59A0F09-FA8F-41F3-8258-233866FCF8E6}.Debug|Any CPU.ActiveCfg = Debug|Any CPU
		{B59A0F09-FA8F-41F3-8258-233866FCF8E6}.Debug|Any CPU.Build.0 = Debug|Any CPU
		{B59A0F09-FA8F-41F3-8258-233866FCF8E6}.Release|Any CPU.ActiveCfg = Release|Any CPU
		{B59A0F09-FA8F-41F3-8258-233866FCF8E6}.Release|Any CPU.Build.0 = Release|Any CPU
		{7672ADDD-1F56-4076-943B-03D7A4B88E3C}.Debug|Any CPU.ActiveCfg = Debug|Any CPU
		{7672ADDD-1F56-4076-943B-03D7A4B88E3C}.Debug|Any CPU.Build.0 = Debug|Any CPU
		{7672ADDD-1F56-4076-943B-03D7A4B88E3C}.Release|Any CPU.ActiveCfg = Release|Any CPU
		{7672ADDD-1F56-4076-943B-03D7A4B88E3C}.Release|Any CPU.Build.0 = Release|Any CPU
		{1BD8C88D-451F-4FF4-B468-272857E28C12}.Debug|Any CPU.ActiveCfg = Debug|Any CPU
		{1BD8C88D-451F-4FF4-B468-272857E28C12}.Debug|Any CPU.Build.0 = Debug|Any CPU
		{1BD8C88D-451F-4FF4-B468-272857E28C12}.Release|Any CPU.ActiveCfg = Release|Any CPU
		{1BD8C88D-451F-4FF4-B468-272857E28C12}.Release|Any CPU.Build.0 = Release|Any CPU
	EndGlobalSection
	GlobalSection(SolutionProperties) = preSolution
		HideSolutionNode = FALSE
	EndGlobalSection
	GlobalSection(ExtensibilityGlobals) = postSolution
		SolutionGuid = {ED5D44AE-7467-4FC1-A625-9BB2E8AB8BD6}
	EndGlobalSection
EndGlobal
